
Microsoft Visual Studio Solution File, Format Version 12.00
# Visual Studio Version 17
VisualStudioVersion = 17.14.36915.13 d17.14
MinimumVisualStudioVersion = 10.0.40219.1
Project("{FAE04EC0-301F-11D3-BF4B-00C04F79EFBC}") = "摩斯密碼", "摩斯密碼\摩斯密碼.csproj", "{FD4B8546-7A16-4D67-911A-0FC2DEACBFCE}"
EndProject
Global
	GlobalSection(SolutionConfigurationPlatforms) = preSolution
		Debug|Any CPU = Debug|Any CPU
		Release|Any CPU = Release|Any CPU
	EndGlobalSection
	GlobalSection(ProjectConfigurationPlatforms) = postSolution
		{FD4B8546-7A16-4D67-911A-0FC2DEACBFCE}.Debug|Any CPU.ActiveCfg = Debug|Any CPU
		{FD4B8546-7A16-4D67-911A-0FC2DEACBFCE}.Debug|Any CPU.Build.0 = Debug|Any CPU
		{FD4B8546-7A16-4D67-911A-0FC2DEACBFCE}.Release|Any CPU.ActiveCfg = Release|Any CPU
		{FD4B8546-7A16-4D67-911A-0FC2DEACBFCE}.Release|Any CPU.Build.0 = Release|Any CPU
	EndGlobalSection
	GlobalSection(SolutionProperties) = preSolution
		HideSolutionNode = FALSE
	EndGlobalSection
	GlobalSection(ExtensibilityGlobals) = postSolution
		SolutionGuid = {6A252D55-9A00-42C7-80A0-A95A4652AD13}
	EndGlobalSection
EndGlobal
