
Microsoft Visual Studio Solution File, Format Version 12.00
# Visual Studio Version 17
VisualStudioVersion = 17.14.36915.13 d17.14
MinimumVisualStudioVersion = 10.0.40219.1
Project("{FAE04EC0-301F-11D3-BF4B-00C04F79EFBC}") = "Review_Q1", "Review_Q1\Review_Q1.csproj", "{9F8C023F-C8BF-4912-903A-F46843FC70D0}"
EndProject
Global
	GlobalSection(SolutionConfigurationPlatforms) = preSolution
		Debug|Any CPU = Debug|Any CPU
		Release|Any CPU = Release|Any CPU
	EndGlobalSection
	GlobalSection(ProjectConfigurationPlatforms) = postSolution
		{9F8C023F-C8BF-4912-903A-F46843FC70D0}.Debug|Any CPU.ActiveCfg = Debug|Any CPU
		{9F8C023F-C8BF-4912-903A-F46843FC70D0}.Debug|Any CPU.Build.0 = Debug|Any CPU
		{9F8C023F-C8BF-4912-903A-F46843FC70D0}.Release|Any CPU.ActiveCfg = Release|Any CPU
		{9F8C023F-C8BF-4912-903A-F46843FC70D0}.Release|Any CPU.Build.0 = Release|Any CPU
	EndGlobalSection
	GlobalSection(SolutionProperties) = preSolution
		HideSolutionNode = FALSE
	EndGlobalSection
	GlobalSection(ExtensibilityGlobals) = postSolution
		SolutionGuid = {05DD987E-F783-40DC-8291-DEA484956DD5}
	EndGlobalSection
EndGlobal
