
Microsoft Visual Studio Solution File, Format Version 12.00
# Visual Studio Version 17
VisualStudioVersion = 17.14.36915.13 d17.14
MinimumVisualStudioVersion = 10.0.40219.1
Project("{FAE04EC0-301F-11D3-BF4B-00C04F79EFBC}") = "MutiFormVarlible", "MutiFormVarlible\MutiFormVarlible.csproj", "{22FB0F8D-2759-49C7-B3B6-BC6672D3A3AA}"
EndProject
Global
	GlobalSection(SolutionConfigurationPlatforms) = preSolution
		Debug|Any CPU = Debug|Any CPU
		Release|Any CPU = Release|Any CPU
	EndGlobalSection
	GlobalSection(ProjectConfigurationPlatforms) = postSolution
		{22FB0F8D-2759-49C7-B3B6-BC6672D3A3AA}.Debug|Any CPU.ActiveCfg = Debug|Any CPU
		{22FB0F8D-2759-49C7-B3B6-BC6672D3A3AA}.Debug|Any CPU.Build.0 = Debug|Any CPU
		{22FB0F8D-2759-49C7-B3B6-BC6672D3A3AA}.Release|Any CPU.ActiveCfg = Release|Any CPU
		{22FB0F8D-2759-49C7-B3B6-BC6672D3A3AA}.Release|Any CPU.Build.0 = Release|Any CPU
	EndGlobalSection
	GlobalSection(SolutionProperties) = preSolution
		HideSolutionNode = FALSE
	EndGlobalSection
	GlobalSection(ExtensibilityGlobals) = postSolution
		SolutionGuid = {EDC20F5F-E615-476B-8800-6788EDFFBC7D}
	EndGlobalSection
EndGlobal
